
Microsoft Visual Studio Solution File, Format Version 11.00
# Visual Studio 2010
Project("{FAE04EC0-301F-11D3-BF4B-00C04F79EFBC}") = "LojaDeEsporte.Presentation.WebApp", "LojaDeEsporte.Presentation.WebApp\LojaDeEsporte.Presentation.WebApp.csproj", "{6FC36BFB-A10E-4BB0-AC18-BEEF03DC0501}"
EndProject
Project("{FAE04EC0-301F-11D3-BF4B-00C04F79EFBC}") = "LojaDeEsporte.Domain.Model", "LojaDeEsporte.Domain.Model\LojaDeEsporte.Domain.Model.csproj", "{D67B6F25-199F-4850-A245-09AC8B8BDBA8}"
EndProject
Project("{FAE04EC0-301F-11D3-BF4B-00C04F79EFBC}") = "LojaDeEsporte.Presentation.WebApp.Tests", "LojaDeEsporte.Presentation.WebApp.Tests\LojaDeEsporte.Presentation.WebApp.Tests.csproj", "{09E877FB-F6A7-43EB-B4D4-C3A0C37696F4}"
EndProject
Global
	GlobalSection(SolutionConfigurationPlatforms) = preSolution
		Debug|Any CPU = Debug|Any CPU
		Release|Any CPU = Release|Any CPU
	EndGlobalSection
	GlobalSection(ProjectConfigurationPlatforms) = postSolution
		{6FC36BFB-A10E-4BB0-AC18-BEEF03DC0501}.Debug|Any CPU.ActiveCfg = Debug|Any CPU
		{6FC36BFB-A10E-4BB0-AC18-BEEF03DC0501}.Debug|Any CPU.Build.0 = Debug|Any CPU
		{6FC36BFB-A10E-4BB0-AC18-BEEF03DC0501}.Release|Any CPU.ActiveCfg = Release|Any CPU
		{6FC36BFB-A10E-4BB0-AC18-BEEF03DC0501}.Release|Any CPU.Build.0 = Release|Any CPU
		{D67B6F25-199F-4850-A245-09AC8B8BDBA8}.Debug|Any CPU.ActiveCfg = Debug|Any CPU
		{D67B6F25-199F-4850-A245-09AC8B8BDBA8}.Debug|Any CPU.Build.0 = Debug|Any CPU
		{D67B6F25-199F-4850-A245-09AC8B8BDBA8}.Release|Any CPU.ActiveCfg = Release|Any CPU
		{D67B6F25-199F-4850-A245-09AC8B8BDBA8}.Release|Any CPU.Build.0 = Release|Any CPU
		{09E877FB-F6A7-43EB-B4D4-C3A0C37696F4}.Debug|Any CPU.ActiveCfg = Debug|Any CPU
		{09E877FB-F6A7-43EB-B4D4-C3A0C37696F4}.Debug|Any CPU.Build.0 = Debug|Any CPU
		{09E877FB-F6A7-43EB-B4D4-C3A0C37696F4}.Release|Any CPU.ActiveCfg = Release|Any CPU
		{09E877FB-F6A7-43EB-B4D4-C3A0C37696F4}.Release|Any CPU.Build.0 = Release|Any CPU
	EndGlobalSection
	GlobalSection(SolutionProperties) = preSolution
		HideSolutionNode = FALSE
	EndGlobalSection
	GlobalSection(ExtensibilityGlobals) = postSolution
		EnterpriseLibraryConfigurationToolBinariesPath = packages\Unity.2.1.505.2\lib\NET35
	EndGlobalSection
EndGlobal
